version = 1
revision = 1
requires-python = ">=3.13"

[[package]]
name = "appdirs"
version = "1.4.4"
source = { registry = "https://pypi.org/simple" }
sdist = { url = "https://files.pythonhosted.org/packages/d7/d8/05696357e0311f5b5c316d7b95f46c669dd9c15aaeecbb48c7d0aeb88c40/appdirs-1.4.4.tar.gz", hash = "sha256:7d5d0167b2b1ba821647616af46a749d1c653740dd0d2415100fe26e27afdf41", size = 13470 }
wheels = [
    { url = "https://files.pythonhosted.org/packages/3b/00/2344469e2084fb287c2e0b57b72910309874c3245463acd6cf5e3db69324/appdirs-1.4.4-py2.py3-none-any.whl", hash = "sha256:a841dacd6b99318a741b166adb07e19ee71a274450e68237b4650ca1055ab128", size = 9566 },
]

[[package]]
name = "brotli"
version = "1.1.0"
source = { registry = "https://pypi.org/simple" }
sdist = { url = "https://files.pythonhosted.org/packages/2f/c2/f9e977608bdf958650638c3f1e28f85a1b075f075ebbe77db8555463787b/Brotli-1.1.0.tar.gz", hash = "sha256:81de08ac11bcb85841e440c13611c00b67d3bf82698314928d0b676362546724", size = 7372270 }
wheels = [
    { url = "https://files.pythonhosted.org/packages/0a/9f/fb37bb8ffc52a8da37b1c03c459a8cd55df7a57bdccd8831d500e994a0ca/Brotli-1.1.0-cp313-cp313-macosx_10_13_universal2.whl", hash = "sha256:8bf32b98b75c13ec7cf774164172683d6e7891088f6316e54425fde1efc276d5", size = 815681 },
    { url = "https://files.pythonhosted.org/packages/06/b3/dbd332a988586fefb0aa49c779f59f47cae76855c2d00f450364bb574cac/Brotli-1.1.0-cp313-cp313-macosx_10_13_x86_64.whl", hash = "sha256:7bc37c4d6b87fb1017ea28c9508b36bbcb0c3d18b4260fcdf08b200c74a6aee8", size = 422475 },
    { url = "https://files.pythonhosted.org/packages/bb/80/6aaddc2f63dbcf2d93c2d204e49c11a9ec93a8c7c63261e2b4bd35198283/Brotli-1.1.0-cp313-cp313-manylinux_2_17_aarch64.manylinux2014_aarch64.whl", hash = "sha256:3c0ef38c7a7014ffac184db9e04debe495d317cc9c6fb10071f7fefd93100a4f", size = 2906173 },
    { url = "https://files.pythonhosted.org/packages/ea/1d/e6ca79c96ff5b641df6097d299347507d39a9604bde8915e76bf026d6c77/Brotli-1.1.0-cp313-cp313-manylinux_2_17_ppc64le.manylinux2014_ppc64le.whl", hash = "sha256:91d7cc2a76b5567591d12c01f019dd7afce6ba8cba6571187e21e2fc418ae648", size = 2943803 },
    { url = "https://files.pythonhosted.org/packages/ac/a3/d98d2472e0130b7dd3acdbb7f390d478123dbf62b7d32bda5c830a96116d/Brotli-1.1.0-cp313-cp313-manylinux_2_17_x86_64.manylinux2014_x86_64.whl", hash = "sha256:a93dde851926f4f2678e704fadeb39e16c35d8baebd5252c9fd94ce8ce68c4a0", size = 2918946 },
    { url = "https://files.pythonhosted.org/packages/c4/a5/c69e6d272aee3e1423ed005d8915a7eaa0384c7de503da987f2d224d0721/Brotli-1.1.0-cp313-cp313-manylinux_2_5_i686.manylinux1_i686.manylinux_2_17_i686.manylinux2014_i686.whl", hash = "sha256:f0db75f47be8b8abc8d9e31bc7aad0547ca26f24a54e6fd10231d623f183d089", size = 2845707 },
    { url = "https://files.pythonhosted.org/packages/58/9f/4149d38b52725afa39067350696c09526de0125ebfbaab5acc5af28b42ea/Brotli-1.1.0-cp313-cp313-musllinux_1_2_aarch64.whl", hash = "sha256:6967ced6730aed543b8673008b5a391c3b1076d834ca438bbd70635c73775368", size = 2936231 },
    { url = "https://files.pythonhosted.org/packages/5a/5a/145de884285611838a16bebfdb060c231c52b8f84dfbe52b852a15780386/Brotli-1.1.0-cp313-cp313-musllinux_1_2_i686.whl", hash = "sha256:7eedaa5d036d9336c95915035fb57422054014ebdeb6f3b42eac809928e40d0c", size = 2848157 },
    { url = "https://files.pythonhosted.org/packages/50/ae/408b6bfb8525dadebd3b3dd5b19d631da4f7d46420321db44cd99dcf2f2c/Brotli-1.1.0-cp313-cp313-musllinux_1_2_ppc64le.whl", hash = "sha256:d487f5432bf35b60ed625d7e1b448e2dc855422e87469e3f450aa5552b0eb284", size = 3035122 },
    { url = "https://files.pythonhosted.org/packages/af/85/a94e5cfaa0ca449d8f91c3d6f78313ebf919a0dbd55a100c711c6e9655bc/Brotli-1.1.0-cp313-cp313-musllinux_1_2_x86_64.whl", hash = "sha256:832436e59afb93e1836081a20f324cb185836c617659b07b129141a8426973c7", size = 2930206 },
    { url = "https://files.pythonhosted.org/packages/c2/f0/a61d9262cd01351df22e57ad7c34f66794709acab13f34be2675f45bf89d/Brotli-1.1.0-cp313-cp313-win32.whl", hash = "sha256:43395e90523f9c23a3d5bdf004733246fba087f2948f87ab28015f12359ca6a0", size = 333804 },
    { url = "https://files.pythonhosted.org/packages/7e/c1/ec214e9c94000d1c1974ec67ced1c970c148aa6b8d8373066123fc3dbf06/Brotli-1.1.0-cp313-cp313-win_amd64.whl", hash = "sha256:9011560a466d2eb3f5a6e4929cf4a09be405c64154e12df0dd72713f6500e32b", size = 358517 },
]

[[package]]
name = "brotlicffi"
version = "1.1.0.0"
source = { registry = "https://pypi.org/simple" }
dependencies = [
    { name = "cffi" },
]
sdist = { url = "https://files.pythonhosted.org/packages/95/9d/70caa61192f570fcf0352766331b735afa931b4c6bc9a348a0925cc13288/brotlicffi-1.1.0.0.tar.gz", hash = "sha256:b77827a689905143f87915310b93b273ab17888fd43ef350d4832c4a71083c13", size = 465192 }
wheels = [
    { url = "https://files.pythonhosted.org/packages/a2/11/7b96009d3dcc2c931e828ce1e157f03824a69fb728d06bfd7b2fc6f93718/brotlicffi-1.1.0.0-cp37-abi3-macosx_10_9_x86_64.whl", hash = "sha256:9b7ae6bd1a3f0df532b6d67ff674099a96d22bc0948955cb338488c31bfb8851", size = 453786 },
    { url = "https://files.pythonhosted.org/packages/d6/e6/a8f46f4a4ee7856fbd6ac0c6fb0dc65ed181ba46cd77875b8d9bbe494d9e/brotlicffi-1.1.0.0-cp37-abi3-manylinux_2_17_aarch64.manylinux2014_aarch64.whl", hash = "sha256:19ffc919fa4fc6ace69286e0a23b3789b4219058313cf9b45625016bf7ff996b", size = 2911165 },
    { url = "https://files.pythonhosted.org/packages/be/20/201559dff14e83ba345a5ec03335607e47467b6633c210607e693aefac40/brotlicffi-1.1.0.0-cp37-abi3-manylinux_2_17_x86_64.manylinux2014_x86_64.whl", hash = "sha256:9feb210d932ffe7798ee62e6145d3a757eb6233aa9a4e7db78dd3690d7755814", size = 2927895 },
    { url = "https://files.pythonhosted.org/packages/cd/15/695b1409264143be3c933f708a3f81d53c4a1e1ebbc06f46331decbf6563/brotlicffi-1.1.0.0-cp37-abi3-manylinux_2_5_i686.manylinux1_i686.manylinux_2_17_i686.manylinux2014_i686.whl", hash = "sha256:84763dbdef5dd5c24b75597a77e1b30c66604725707565188ba54bab4f114820", size = 2851834 },
    { url = "https://files.pythonhosted.org/packages/b4/40/b961a702463b6005baf952794c2e9e0099bde657d0d7e007f923883b907f/brotlicffi-1.1.0.0-cp37-abi3-win32.whl", hash = "sha256:1b12b50e07c3911e1efa3a8971543e7648100713d4e0971b13631cce22c587eb", size = 341731 },
    { url = "https://files.pythonhosted.org/packages/1c/fa/5408a03c041114ceab628ce21766a4ea882aa6f6f0a800e04ee3a30ec6b9/brotlicffi-1.1.0.0-cp37-abi3-win_amd64.whl", hash = "sha256:994a4f0681bb6c6c3b0925530a1926b7a189d878e6e5e38fae8efa47c5d9c613", size = 366783 },
]

[[package]]
name = "cffi"
version = "1.17.1"
source = { registry = "https://pypi.org/simple" }
dependencies = [
    { name = "pycparser" },
]
sdist = { url = "https://files.pythonhosted.org/packages/fc/97/c783634659c2920c3fc70419e3af40972dbaf758daa229a7d6ea6135c90d/cffi-1.17.1.tar.gz", hash = "sha256:1c39c6016c32bc48dd54561950ebd6836e1670f2ae46128f67cf49e789c52824", size = 516621 }
wheels = [
    { url = "https://files.pythonhosted.org/packages/8d/f8/dd6c246b148639254dad4d6803eb6a54e8c85c6e11ec9df2cffa87571dbe/cffi-1.17.1-cp313-cp313-macosx_10_13_x86_64.whl", hash = "sha256:f3a2b4222ce6b60e2e8b337bb9596923045681d71e5a082783484d845390938e", size = 182989 },
    { url = "https://files.pythonhosted.org/packages/8b/f1/672d303ddf17c24fc83afd712316fda78dc6fce1cd53011b839483e1ecc8/cffi-1.17.1-cp313-cp313-macosx_11_0_arm64.whl", hash = "sha256:0984a4925a435b1da406122d4d7968dd861c1385afe3b45ba82b750f229811e2", size = 178802 },
    { url = "https://files.pythonhosted.org/packages/0e/2d/eab2e858a91fdff70533cab61dcff4a1f55ec60425832ddfdc9cd36bc8af/cffi-1.17.1-cp313-cp313-manylinux_2_12_i686.manylinux2010_i686.manylinux_2_17_i686.manylinux2014_i686.whl", hash = "sha256:d01b12eeeb4427d3110de311e1774046ad344f5b1a7403101878976ecd7a10f3", size = 454792 },
    { url = "https://files.pythonhosted.org/packages/75/b2/fbaec7c4455c604e29388d55599b99ebcc250a60050610fadde58932b7ee/cffi-1.17.1-cp313-cp313-manylinux_2_17_aarch64.manylinux2014_aarch64.whl", hash = "sha256:706510fe141c86a69c8ddc029c7910003a17353970cff3b904ff0686a5927683", size = 478893 },
    { url = "https://files.pythonhosted.org/packages/4f/b7/6e4a2162178bf1935c336d4da8a9352cccab4d3a5d7914065490f08c0690/cffi-1.17.1-cp313-cp313-manylinux_2_17_ppc64le.manylinux2014_ppc64le.whl", hash = "sha256:de55b766c7aa2e2a3092c51e0483d700341182f08e67c63630d5b6f200bb28e5", size = 485810 },
    { url = "https://files.pythonhosted.org/packages/c7/8a/1d0e4a9c26e54746dc08c2c6c037889124d4f59dffd853a659fa545f1b40/cffi-1.17.1-cp313-cp313-manylinux_2_17_s390x.manylinux2014_s390x.whl", hash = "sha256:c59d6e989d07460165cc5ad3c61f9fd8f1b4796eacbd81cee78957842b834af4", size = 471200 },
    { url = "https://files.pythonhosted.org/packages/26/9f/1aab65a6c0db35f43c4d1b4f580e8df53914310afc10ae0397d29d697af4/cffi-1.17.1-cp313-cp313-manylinux_2_17_x86_64.manylinux2014_x86_64.whl", hash = "sha256:dd398dbc6773384a17fe0d3e7eeb8d1a21c2200473ee6806bb5e6a8e62bb73dd", size = 479447 },
    { url = "https://files.pythonhosted.org/packages/5f/e4/fb8b3dd8dc0e98edf1135ff067ae070bb32ef9d509d6cb0f538cd6f7483f/cffi-1.17.1-cp313-cp313-musllinux_1_1_aarch64.whl", hash = "sha256:3edc8d958eb099c634dace3c7e16560ae474aa3803a5df240542b305d14e14ed", size = 484358 },
    { url = "https://files.pythonhosted.org/packages/f1/47/d7145bf2dc04684935d57d67dff9d6d795b2ba2796806bb109864be3a151/cffi-1.17.1-cp313-cp313-musllinux_1_1_x86_64.whl", hash = "sha256:72e72408cad3d5419375fc87d289076ee319835bdfa2caad331e377589aebba9", size = 488469 },
    { url = "https://files.pythonhosted.org/packages/bf/ee/f94057fa6426481d663b88637a9a10e859e492c73d0384514a17d78ee205/cffi-1.17.1-cp313-cp313-win32.whl", hash = "sha256:e03eab0a8677fa80d646b5ddece1cbeaf556c313dcfac435ba11f107ba117b5d", size = 172475 },
    { url = "https://files.pythonhosted.org/packages/7c/fc/6a8cb64e5f0324877d503c854da15d76c1e50eb722e320b15345c4d0c6de/cffi-1.17.1-cp313-cp313-win_amd64.whl", hash = "sha256:f6a16c31041f09ead72d69f583767292f750d24913dadacf5756b966aacb3f1a", size = 182009 },
]

[[package]]
name = "fonttools"
version = "4.57.0"
source = { registry = "https://pypi.org/simple" }
sdist = { url = "https://files.pythonhosted.org/packages/03/2d/a9a0b6e3a0cf6bd502e64fc16d894269011930cabfc89aee20d1635b1441/fonttools-4.57.0.tar.gz", hash = "sha256:727ece10e065be2f9dd239d15dd5d60a66e17eac11aea47d447f9f03fdbc42de", size = 3492448 }
wheels = [
    { url = "https://files.pythonhosted.org/packages/e9/2f/11439f3af51e4bb75ac9598c29f8601aa501902dcedf034bdc41f47dd799/fonttools-4.57.0-cp313-cp313-macosx_10_13_universal2.whl", hash = "sha256:408ce299696012d503b714778d89aa476f032414ae57e57b42e4b92363e0b8ef", size = 2739175 },
    { url = "https://files.pythonhosted.org/packages/25/52/677b55a4c0972dc3820c8dba20a29c358197a78229daa2ea219fdb19e5d5/fonttools-4.57.0-cp313-cp313-macosx_10_13_x86_64.whl", hash = "sha256:bbceffc80aa02d9e8b99f2a7491ed8c4a783b2fc4020119dc405ca14fb5c758c", size = 2276583 },
    { url = "https://files.pythonhosted.org/packages/64/79/184555f8fa77b827b9460a4acdbbc0b5952bb6915332b84c615c3a236826/fonttools-4.57.0-cp313-cp313-manylinux_2_17_aarch64.manylinux2014_aarch64.whl", hash = "sha256:f022601f3ee9e1f6658ed6d184ce27fa5216cee5b82d279e0f0bde5deebece72", size = 4766437 },
    { url = "https://files.pythonhosted.org/packages/f8/ad/c25116352f456c0d1287545a7aa24e98987b6d99c5b0456c4bd14321f20f/fonttools-4.57.0-cp313-cp313-manylinux_2_5_x86_64.manylinux1_x86_64.manylinux_2_17_x86_64.manylinux2014_x86_64.whl", hash = "sha256:4dea5893b58d4637ffa925536462ba626f8a1b9ffbe2f5c272cdf2c6ebadb817", size = 4838431 },
    { url = "https://files.pythonhosted.org/packages/53/ae/398b2a833897297797a44f519c9af911c2136eb7aa27d3f1352c6d1129fa/fonttools-4.57.0-cp313-cp313-musllinux_1_2_aarch64.whl", hash = "sha256:dff02c5c8423a657c550b48231d0a48d7e2b2e131088e55983cfe74ccc2c7cc9", size = 4951011 },
    { url = "https://files.pythonhosted.org/packages/b7/5d/7cb31c4bc9ffb9a2bbe8b08f8f53bad94aeb158efad75da645b40b62cb73/fonttools-4.57.0-cp313-cp313-musllinux_1_2_x86_64.whl", hash = "sha256:767604f244dc17c68d3e2dbf98e038d11a18abc078f2d0f84b6c24571d9c0b13", size = 5205679 },
    { url = "https://files.pythonhosted.org/packages/4c/e4/6934513ec2c4d3d69ca1bc3bd34d5c69dafcbf68c15388dd3bb062daf345/fonttools-4.57.0-cp313-cp313-win32.whl", hash = "sha256:8e2e12d0d862f43d51e5afb8b9751c77e6bec7d2dc00aad80641364e9df5b199", size = 2144833 },
    { url = "https://files.pythonhosted.org/packages/c4/0d/2177b7fdd23d017bcfb702fd41e47d4573766b9114da2fddbac20dcc4957/fonttools-4.57.0-cp313-cp313-win_amd64.whl", hash = "sha256:f1d6bc9c23356908db712d282acb3eebd4ae5ec6d8b696aa40342b1d84f8e9e3", size = 2190799 },
    { url = "https://files.pythonhosted.org/packages/90/27/45f8957c3132917f91aaa56b700bcfc2396be1253f685bd5c68529b6f610/fonttools-4.57.0-py3-none-any.whl", hash = "sha256:3122c604a675513c68bd24c6a8f9091f1c2376d18e8f5fe5a101746c81b3e98f", size = 1093605 },
]

[package.optional-dependencies]
lxml = [
    { name = "lxml" },
]
ufo = [
    { name = "fs" },
]
woff = [
    { name = "brotli", marker = "platform_python_implementation == 'CPython'" },
    { name = "brotlicffi", marker = "platform_python_implementation != 'CPython'" },
    { name = "zopfli" },
]

[[package]]
name = "fs"
version = "2.4.16"
source = { registry = "https://pypi.org/simple" }
dependencies = [
    { name = "appdirs" },
    { name = "setuptools" },
    { name = "six" },
]
sdist = { url = "https://files.pythonhosted.org/packages/5d/a9/af5bfd5a92592c16cdae5c04f68187a309be8a146b528eac3c6e30edbad2/fs-2.4.16.tar.gz", hash = "sha256:ae97c7d51213f4b70b6a958292530289090de3a7e15841e108fbe144f069d313", size = 187441 }
wheels = [
    { url = "https://files.pythonhosted.org/packages/b9/5c/a3d95dc1ec6cdeb032d789b552ecc76effa3557ea9186e1566df6aac18df/fs-2.4.16-py2.py3-none-any.whl", hash = "sha256:660064febbccda264ae0b6bace80a8d1be9e089e0a5eb2427b7d517f9a91545c", size = 135261 },
]

[[package]]
name = "jinja2"
version = "3.1.6"
source = { registry = "https://pypi.org/simple" }
dependencies = [
    { name = "markupsafe" },
]
sdist = { url = "https://files.pythonhosted.org/packages/df/bf/f7da0350254c0ed7c72f3e33cef02e048281fec7ecec5f032d4aac52226b/jinja2-3.1.6.tar.gz", hash = "sha256:0137fb05990d35f1275a587e9aee6d56da821fc83491a0fb838183be43f66d6d", size = 245115 }
wheels = [
    { url = "https://files.pythonhosted.org/packages/62/a1/3d680cbfd5f4b8f15abc1d571870c5fc3e594bb582bc3b64ea099db13e56/jinja2-3.1.6-py3-none-any.whl", hash = "sha256:85ece4451f492d0c13c5dd7c13a64681a86afae63a5f347908daf103ce6d2f67", size = 134899 },
]

[[package]]
name = "jsonpath-ng"
version = "1.7.0"
source = { registry = "https://pypi.org/simple" }
dependencies = [
    { name = "ply" },
]
sdist = { url = "https://files.pythonhosted.org/packages/6d/86/08646239a313f895186ff0a4573452038eed8c86f54380b3ebac34d32fb2/jsonpath-ng-1.7.0.tar.gz", hash = "sha256:f6f5f7fd4e5ff79c785f1573b394043b39849fb2bb47bcead935d12b00beab3c", size = 37838 }
wheels = [
    { url = "https://files.pythonhosted.org/packages/35/5a/73ecb3d82f8615f32ccdadeb9356726d6cae3a4bbc840b437ceb95708063/jsonpath_ng-1.7.0-py3-none-any.whl", hash = "sha256:f3d7f9e848cba1b6da28c55b1c26ff915dc9e0b1ba7e752a53d6da8d5cbd00b6", size = 30105 },
]

[[package]]
name = "limbus-font-helper"
version = "0.1.0"
source = { virtual = "." }
dependencies = [
    { name = "fonttools", extra = ["lxml", "ufo", "woff"] },
    { name = "jinja2" },
    { name = "jsonpath-ng" },
    { name = "msgspec" },
    { name = "pillow" },
    { name = "ruff" },
    { name = "toml" },
]

[package.metadata]
requires-dist = [
    { name = "fonttools", extras = ["lxml", "ufo", "unicode", "woff"], specifier = ">=4.57.0" },
    { name = "jinja2", specifier = ">=3.1.6" },
    { name = "jsonpath-ng", specifier = ">=1.7.0" },
    { name = "msgspec", specifier = ">=0.19.0" },
    { name = "pillow", specifier = ">=11.1.0" },
    { name = "ruff", specifier = ">=0.11.3" },
    { name = "toml", specifier = ">=0.10.2" },
]

[[package]]
name = "lxml"
version = "5.3.1"
source = { registry = "https://pypi.org/simple" }
sdist = { url = "https://files.pythonhosted.org/packages/ef/f6/c15ca8e5646e937c148e147244817672cf920b56ac0bf2cc1512ae674be8/lxml-5.3.1.tar.gz", hash = "sha256:106b7b5d2977b339f1e97efe2778e2ab20e99994cbb0ec5e55771ed0795920c8", size = 3678591 }
wheels = [
    { url = "https://files.pythonhosted.org/packages/94/1c/724931daa1ace168e0237b929e44062545bf1551974102a5762c349c668d/lxml-5.3.1-cp313-cp313-macosx_10_13_universal2.whl", hash = "sha256:c093c7088b40d8266f57ed71d93112bd64c6724d31f0794c1e52cc4857c28e0e", size = 8171881 },
    { url = "https://files.pythonhosted.org/packages/67/0c/857b8fb6010c4246e66abeebb8639eaabba60a6d9b7c606554ecc5cbf1ee/lxml-5.3.1-cp313-cp313-macosx_10_13_x86_64.whl", hash = "sha256:b0884e3f22d87c30694e625b1e62e6f30d39782c806287450d9dc2fdf07692fd", size = 4440394 },
    { url = "https://files.pythonhosted.org/packages/61/72/c9e81de6a000f9682ccdd13503db26e973b24c68ac45a7029173237e3eed/lxml-5.3.1-cp313-cp313-manylinux_2_12_i686.manylinux2010_i686.manylinux_2_17_i686.manylinux2014_i686.whl", hash = "sha256:1637fa31ec682cd5760092adfabe86d9b718a75d43e65e211d5931809bc111e7", size = 5037860 },
    { url = "https://files.pythonhosted.org/packages/24/26/942048c4b14835711b583b48cd7209bd2b5f0b6939ceed2381a494138b14/lxml-5.3.1-cp313-cp313-manylinux_2_17_aarch64.manylinux2014_aarch64.whl", hash = "sha256:a364e8e944d92dcbf33b6b494d4e0fb3499dcc3bd9485beb701aa4b4201fa414", size = 4782513 },
    { url = "https://files.pythonhosted.org/packages/e2/65/27792339caf00f610cc5be32b940ba1e3009b7054feb0c4527cebac228d4/lxml-5.3.1-cp313-cp313-manylinux_2_17_ppc64le.manylinux2014_ppc64le.whl", hash = "sha256:779e851fd0e19795ccc8a9bb4d705d6baa0ef475329fe44a13cf1e962f18ff1e", size = 5305227 },
    { url = "https://files.pythonhosted.org/packages/18/e1/25f7aa434a4d0d8e8420580af05ea49c3e12db6d297cf5435ac0a054df56/lxml-5.3.1-cp313-cp313-manylinux_2_17_s390x.manylinux2014_s390x.whl", hash = "sha256:c4393600915c308e546dc7003d74371744234e8444a28622d76fe19b98fa59d1", size = 4829846 },
    { url = "https://files.pythonhosted.org/packages/fe/ed/faf235e0792547d24f61ee1448159325448a7e4f2ab706503049d8e5df19/lxml-5.3.1-cp313-cp313-manylinux_2_17_x86_64.manylinux2014_x86_64.whl", hash = "sha256:673b9d8e780f455091200bba8534d5f4f465944cbdd61f31dc832d70e29064a5", size = 4949495 },
    { url = "https://files.pythonhosted.org/packages/e5/e1/8f572ad9ed6039ba30f26dd4c2c58fb90f79362d2ee35ca3820284767672/lxml-5.3.1-cp313-cp313-manylinux_2_28_aarch64.whl", hash = "sha256:2e4a570f6a99e96c457f7bec5ad459c9c420ee80b99eb04cbfcfe3fc18ec6423", size = 4773415 },
    { url = "https://files.pythonhosted.org/packages/a3/75/6b57166b9d1983dac8f28f354e38bff8d6bcab013a241989c4d54c72701b/lxml-5.3.1-cp313-cp313-manylinux_2_28_ppc64le.whl", hash = "sha256:71f31eda4e370f46af42fc9f264fafa1b09f46ba07bdbee98f25689a04b81c20", size = 5337710 },
    { url = "https://files.pythonhosted.org/packages/cc/71/4aa56e2daa83bbcc66ca27b5155be2f900d996f5d0c51078eaaac8df9547/lxml-5.3.1-cp313-cp313-manylinux_2_28_s390x.whl", hash = "sha256:42978a68d3825eaac55399eb37a4d52012a205c0c6262199b8b44fcc6fd686e8", size = 4897362 },
    { url = "https://files.pythonhosted.org/packages/65/10/3fa2da152cd9b49332fd23356ed7643c9b74cad636ddd5b2400a9730d12b/lxml-5.3.1-cp313-cp313-manylinux_2_28_x86_64.whl", hash = "sha256:8b1942b3e4ed9ed551ed3083a2e6e0772de1e5e3aca872d955e2e86385fb7ff9", size = 4977795 },
    { url = "https://files.pythonhosted.org/packages/de/d2/e1da0f7b20827e7b0ce934963cb6334c1b02cf1bb4aecd218c4496880cb3/lxml-5.3.1-cp313-cp313-musllinux_1_2_aarch64.whl", hash = "sha256:85c4f11be9cf08917ac2a5a8b6e1ef63b2f8e3799cec194417e76826e5f1de9c", size = 4858104 },
    { url = "https://files.pythonhosted.org/packages/a5/35/063420e1b33d3308f5aa7fcbdd19ef6c036f741c9a7a4bd5dc8032486b27/lxml-5.3.1-cp313-cp313-musllinux_1_2_ppc64le.whl", hash = "sha256:231cf4d140b22a923b1d0a0a4e0b4f972e5893efcdec188934cc65888fd0227b", size = 5416531 },
    { url = "https://files.pythonhosted.org/packages/c3/83/93a6457d291d1e37adfb54df23498101a4701834258c840381dd2f6a030e/lxml-5.3.1-cp313-cp313-musllinux_1_2_s390x.whl", hash = "sha256:5865b270b420eda7b68928d70bb517ccbe045e53b1a428129bb44372bf3d7dd5", size = 5273040 },
    { url = "https://files.pythonhosted.org/packages/39/25/ad4ac8fac488505a2702656550e63c2a8db3a4fd63db82a20dad5689cecb/lxml-5.3.1-cp313-cp313-musllinux_1_2_x86_64.whl", hash = "sha256:dbf7bebc2275016cddf3c997bf8a0f7044160714c64a9b83975670a04e6d2252", size = 5050951 },
    { url = "https://files.pythonhosted.org/packages/82/74/f7d223c704c87e44b3d27b5e0dde173a2fcf2e89c0524c8015c2b3554876/lxml-5.3.1-cp313-cp313-win32.whl", hash = "sha256:d0751528b97d2b19a388b302be2a0ee05817097bab46ff0ed76feeec24951f78", size = 3485357 },
    { url = "https://files.pythonhosted.org/packages/80/83/8c54533b3576f4391eebea88454738978669a6cad0d8e23266224007939d/lxml-5.3.1-cp313-cp313-win_amd64.whl", hash = "sha256:91fb6a43d72b4f8863d21f347a9163eecbf36e76e2f51068d59cd004c506f332", size = 3814484 },
]

[[package]]
name = "markupsafe"
version = "3.0.2"
source = { registry = "https://pypi.org/simple" }
sdist = { url = "https://files.pythonhosted.org/packages/b2/97/5d42485e71dfc078108a86d6de8fa46db44a1a9295e89c5d6d4a06e23a62/markupsafe-3.0.2.tar.gz", hash = "sha256:ee55d3edf80167e48ea11a923c7386f4669df67d7994554387f84e7d8b0a2bf0", size = 20537 }
wheels = [
    { url = "https://files.pythonhosted.org/packages/83/0e/67eb10a7ecc77a0c2bbe2b0235765b98d164d81600746914bebada795e97/MarkupSafe-3.0.2-cp313-cp313-macosx_10_13_universal2.whl", hash = "sha256:ba9527cdd4c926ed0760bc301f6728ef34d841f405abf9d4f959c478421e4efd", size = 14274 },
    { url = "https://files.pythonhosted.org/packages/2b/6d/9409f3684d3335375d04e5f05744dfe7e9f120062c9857df4ab490a1031a/MarkupSafe-3.0.2-cp313-cp313-macosx_11_0_arm64.whl", hash = "sha256:f8b3d067f2e40fe93e1ccdd6b2e1d16c43140e76f02fb1319a05cf2b79d99430", size = 12352 },
    { url = "https://files.pythonhosted.org/packages/d2/f5/6eadfcd3885ea85fe2a7c128315cc1bb7241e1987443d78c8fe712d03091/MarkupSafe-3.0.2-cp313-cp313-manylinux_2_17_aarch64.manylinux2014_aarch64.whl", hash = "sha256:569511d3b58c8791ab4c2e1285575265991e6d8f8700c7be0e88f86cb0672094", size = 24122 },
    { url = "https://files.pythonhosted.org/packages/0c/91/96cf928db8236f1bfab6ce15ad070dfdd02ed88261c2afafd4b43575e9e9/MarkupSafe-3.0.2-cp313-cp313-manylinux_2_17_x86_64.manylinux2014_x86_64.whl", hash = "sha256:15ab75ef81add55874e7ab7055e9c397312385bd9ced94920f2802310c930396", size = 23085 },
    { url = "https://files.pythonhosted.org/packages/c2/cf/c9d56af24d56ea04daae7ac0940232d31d5a8354f2b457c6d856b2057d69/MarkupSafe-3.0.2-cp313-cp313-manylinux_2_5_i686.manylinux1_i686.manylinux_2_17_i686.manylinux2014_i686.whl", hash = "sha256:f3818cb119498c0678015754eba762e0d61e5b52d34c8b13d770f0719f7b1d79", size = 22978 },
    { url = "https://files.pythonhosted.org/packages/2a/9f/8619835cd6a711d6272d62abb78c033bda638fdc54c4e7f4272cf1c0962b/MarkupSafe-3.0.2-cp313-cp313-musllinux_1_2_aarch64.whl", hash = "sha256:cdb82a876c47801bb54a690c5ae105a46b392ac6099881cdfb9f6e95e4014c6a", size = 24208 },
    { url = "https://files.pythonhosted.org/packages/f9/bf/176950a1792b2cd2102b8ffeb5133e1ed984547b75db47c25a67d3359f77/MarkupSafe-3.0.2-cp313-cp313-musllinux_1_2_i686.whl", hash = "sha256:cabc348d87e913db6ab4aa100f01b08f481097838bdddf7c7a84b7575b7309ca", size = 23357 },
    { url = "https://files.pythonhosted.org/packages/ce/4f/9a02c1d335caabe5c4efb90e1b6e8ee944aa245c1aaaab8e8a618987d816/MarkupSafe-3.0.2-cp313-cp313-musllinux_1_2_x86_64.whl", hash = "sha256:444dcda765c8a838eaae23112db52f1efaf750daddb2d9ca300bcae1039adc5c", size = 23344 },
    { url = "https://files.pythonhosted.org/packages/ee/55/c271b57db36f748f0e04a759ace9f8f759ccf22b4960c270c78a394f58be/MarkupSafe-3.0.2-cp313-cp313-win32.whl", hash = "sha256:bcf3e58998965654fdaff38e58584d8937aa3096ab5354d493c77d1fdd66d7a1", size = 15101 },
    { url = "https://files.pythonhosted.org/packages/29/88/07df22d2dd4df40aba9f3e402e6dc1b8ee86297dddbad4872bd5e7b0094f/MarkupSafe-3.0.2-cp313-cp313-win_amd64.whl", hash = "sha256:e6a2a455bd412959b57a172ce6328d2dd1f01cb2135efda2e4576e8a23fa3b0f", size = 15603 },
    { url = "https://files.pythonhosted.org/packages/62/6a/8b89d24db2d32d433dffcd6a8779159da109842434f1dd2f6e71f32f738c/MarkupSafe-3.0.2-cp313-cp313t-macosx_10_13_universal2.whl", hash = "sha256:b5a6b3ada725cea8a5e634536b1b01c30bcdcd7f9c6fff4151548d5bf6b3a36c", size = 14510 },
    { url = "https://files.pythonhosted.org/packages/7a/06/a10f955f70a2e5a9bf78d11a161029d278eeacbd35ef806c3fd17b13060d/MarkupSafe-3.0.2-cp313-cp313t-macosx_11_0_arm64.whl", hash = "sha256:a904af0a6162c73e3edcb969eeeb53a63ceeb5d8cf642fade7d39e7963a22ddb", size = 12486 },
    { url = "https://files.pythonhosted.org/packages/34/cf/65d4a571869a1a9078198ca28f39fba5fbb910f952f9dbc5220afff9f5e6/MarkupSafe-3.0.2-cp313-cp313t-manylinux_2_17_aarch64.manylinux2014_aarch64.whl", hash = "sha256:4aa4e5faecf353ed117801a068ebab7b7e09ffb6e1d5e412dc852e0da018126c", size = 25480 },
    { url = "https://files.pythonhosted.org/packages/0c/e3/90e9651924c430b885468b56b3d597cabf6d72be4b24a0acd1fa0e12af67/MarkupSafe-3.0.2-cp313-cp313t-manylinux_2_17_x86_64.manylinux2014_x86_64.whl", hash = "sha256:c0ef13eaeee5b615fb07c9a7dadb38eac06a0608b41570d8ade51c56539e509d", size = 23914 },
    { url = "https://files.pythonhosted.org/packages/66/8c/6c7cf61f95d63bb866db39085150df1f2a5bd3335298f14a66b48e92659c/MarkupSafe-3.0.2-cp313-cp313t-manylinux_2_5_i686.manylinux1_i686.manylinux_2_17_i686.manylinux2014_i686.whl", hash = "sha256:d16a81a06776313e817c951135cf7340a3e91e8c1ff2fac444cfd75fffa04afe", size = 23796 },
    { url = "https://files.pythonhosted.org/packages/bb/35/cbe9238ec3f47ac9a7c8b3df7a808e7cb50fe149dc7039f5f454b3fba218/MarkupSafe-3.0.2-cp313-cp313t-musllinux_1_2_aarch64.whl", hash = "sha256:6381026f158fdb7c72a168278597a5e3a5222e83ea18f543112b2662a9b699c5", size = 25473 },
    { url = "https://files.pythonhosted.org/packages/e6/32/7621a4382488aa283cc05e8984a9c219abad3bca087be9ec77e89939ded9/MarkupSafe-3.0.2-cp313-cp313t-musllinux_1_2_i686.whl", hash = "sha256:3d79d162e7be8f996986c064d1c7c817f6df3a77fe3d6859f6f9e7be4b8c213a", size = 24114 },
    { url = "https://files.pythonhosted.org/packages/0d/80/0985960e4b89922cb5a0bac0ed39c5b96cbc1a536a99f30e8c220a996ed9/MarkupSafe-3.0.2-cp313-cp313t-musllinux_1_2_x86_64.whl", hash = "sha256:131a3c7689c85f5ad20f9f6fb1b866f402c445b220c19fe4308c0b147ccd2ad9", size = 24098 },
    { url = "https://files.pythonhosted.org/packages/82/78/fedb03c7d5380df2427038ec8d973587e90561b2d90cd472ce9254cf348b/MarkupSafe-3.0.2-cp313-cp313t-win32.whl", hash = "sha256:ba8062ed2cf21c07a9e295d5b8a2a5ce678b913b45fdf68c32d95d6c1291e0b6", size = 15208 },
    { url = "https://files.pythonhosted.org/packages/4f/65/6079a46068dfceaeabb5dcad6d674f5f5c61a6fa5673746f42a9f4c233b3/MarkupSafe-3.0.2-cp313-cp313t-win_amd64.whl", hash = "sha256:e444a31f8db13eb18ada366ab3cf45fd4b31e4db1236a4448f68778c1d1a5a2f", size = 15739 },
]

[[package]]
name = "msgspec"
version = "0.19.0"
source = { registry = "https://pypi.org/simple" }
sdist = { url = "https://files.pythonhosted.org/packages/cf/9b/95d8ce458462b8b71b8a70fa94563b2498b89933689f3a7b8911edfae3d7/msgspec-0.19.0.tar.gz", hash = "sha256:604037e7cd475345848116e89c553aa9a233259733ab51986ac924ab1b976f8e", size = 216934 }
wheels = [
    { url = "https://files.pythonhosted.org/packages/3c/cb/2842c312bbe618d8fefc8b9cedce37f773cdc8fa453306546dba2c21fd98/msgspec-0.19.0-cp313-cp313-macosx_10_13_x86_64.whl", hash = "sha256:f12d30dd6266557aaaf0aa0f9580a9a8fbeadfa83699c487713e355ec5f0bd86", size = 190498 },
    { url = "https://files.pythonhosted.org/packages/58/95/c40b01b93465e1a5f3b6c7d91b10fb574818163740cc3acbe722d1e0e7e4/msgspec-0.19.0-cp313-cp313-macosx_11_0_arm64.whl", hash = "sha256:82b2c42c1b9ebc89e822e7e13bbe9d17ede0c23c187469fdd9505afd5a481314", size = 183950 },
    { url = "https://files.pythonhosted.org/packages/e8/f0/5b764e066ce9aba4b70d1db8b087ea66098c7c27d59b9dd8a3532774d48f/msgspec-0.19.0-cp313-cp313-manylinux_2_17_aarch64.manylinux2014_aarch64.whl", hash = "sha256:19746b50be214a54239aab822964f2ac81e38b0055cca94808359d779338c10e", size = 210647 },
    { url = "https://files.pythonhosted.org/packages/9d/87/bc14f49bc95c4cb0dd0a8c56028a67c014ee7e6818ccdce74a4862af259b/msgspec-0.19.0-cp313-cp313-manylinux_2_17_x86_64.manylinux2014_x86_64.whl", hash = "sha256:60ef4bdb0ec8e4ad62e5a1f95230c08efb1f64f32e6e8dd2ced685bcc73858b5", size = 213563 },
    { url = "https://files.pythonhosted.org/packages/53/2f/2b1c2b056894fbaa975f68f81e3014bb447516a8b010f1bed3fb0e016ed7/msgspec-0.19.0-cp313-cp313-musllinux_1_2_aarch64.whl", hash = "sha256:ac7f7c377c122b649f7545810c6cd1b47586e3aa3059126ce3516ac7ccc6a6a9", size = 213996 },
    { url = "https://files.pythonhosted.org/packages/aa/5a/4cd408d90d1417e8d2ce6a22b98a6853c1b4d7cb7669153e4424d60087f6/msgspec-0.19.0-cp313-cp313-musllinux_1_2_x86_64.whl", hash = "sha256:a5bc1472223a643f5ffb5bf46ccdede7f9795078194f14edd69e3aab7020d327", size = 219087 },
    { url = "https://files.pythonhosted.org/packages/23/d8/f15b40611c2d5753d1abb0ca0da0c75348daf1252220e5dda2867bd81062/msgspec-0.19.0-cp313-cp313-win_amd64.whl", hash = "sha256:317050bc0f7739cb30d257ff09152ca309bf5a369854bbf1e57dffc310c1f20f", size = 187432 },
]

[[package]]
name = "pillow"
version = "11.1.0"
source = { registry = "https://pypi.org/simple" }
sdist = { url = "https://files.pythonhosted.org/packages/f3/af/c097e544e7bd278333db77933e535098c259609c4eb3b85381109602fb5b/pillow-11.1.0.tar.gz", hash = "sha256:368da70808b36d73b4b390a8ffac11069f8a5c85f29eff1f1b01bcf3ef5b2a20", size = 46742715 }
wheels = [
    { url = "https://files.pythonhosted.org/packages/b3/31/9ca79cafdce364fd5c980cd3416c20ce1bebd235b470d262f9d24d810184/pillow-11.1.0-cp313-cp313-macosx_10_13_x86_64.whl", hash = "sha256:ae98e14432d458fc3de11a77ccb3ae65ddce70f730e7c76140653048c71bfcbc", size = 3226640 },
    { url = "https://files.pythonhosted.org/packages/ac/0f/ff07ad45a1f172a497aa393b13a9d81a32e1477ef0e869d030e3c1532521/pillow-11.1.0-cp313-cp313-macosx_11_0_arm64.whl", hash = "sha256:cc1331b6d5a6e144aeb5e626f4375f5b7ae9934ba620c0ac6b3e43d5e683a0f0", size = 3101437 },
    { url = "https://files.pythonhosted.org/packages/08/2f/9906fca87a68d29ec4530be1f893149e0cb64a86d1f9f70a7cfcdfe8ae44/pillow-11.1.0-cp313-cp313-manylinux_2_17_aarch64.manylinux2014_aarch64.whl", hash = "sha256:758e9d4ef15d3560214cddbc97b8ef3ef86ce04d62ddac17ad39ba87e89bd3b1", size = 4326605 },
    { url = "https://files.pythonhosted.org/packages/b0/0f/f3547ee15b145bc5c8b336401b2d4c9d9da67da9dcb572d7c0d4103d2c69/pillow-11.1.0-cp313-cp313-manylinux_2_17_x86_64.manylinux2014_x86_64.whl", hash = "sha256:b523466b1a31d0dcef7c5be1f20b942919b62fd6e9a9be199d035509cbefc0ec", size = 4411173 },
    { url = "https://files.pythonhosted.org/packages/b1/df/bf8176aa5db515c5de584c5e00df9bab0713548fd780c82a86cba2c2fedb/pillow-11.1.0-cp313-cp313-manylinux_2_28_aarch64.whl", hash = "sha256:9044b5e4f7083f209c4e35aa5dd54b1dd5b112b108648f5c902ad586d4f945c5", size = 4369145 },
    { url = "https://files.pythonhosted.org/packages/de/7c/7433122d1cfadc740f577cb55526fdc39129a648ac65ce64db2eb7209277/pillow-11.1.0-cp313-cp313-manylinux_2_28_x86_64.whl", hash = "sha256:3764d53e09cdedd91bee65c2527815d315c6b90d7b8b79759cc48d7bf5d4f114", size = 4496340 },
    { url = "https://files.pythonhosted.org/packages/25/46/dd94b93ca6bd555588835f2504bd90c00d5438fe131cf01cfa0c5131a19d/pillow-11.1.0-cp313-cp313-musllinux_1_2_aarch64.whl", hash = "sha256:31eba6bbdd27dde97b0174ddf0297d7a9c3a507a8a1480e1e60ef914fe23d352", size = 4296906 },
    { url = "https://files.pythonhosted.org/packages/a8/28/2f9d32014dfc7753e586db9add35b8a41b7a3b46540e965cb6d6bc607bd2/pillow-11.1.0-cp313-cp313-musllinux_1_2_x86_64.whl", hash = "sha256:b5d658fbd9f0d6eea113aea286b21d3cd4d3fd978157cbf2447a6035916506d3", size = 4431759 },
    { url = "https://files.pythonhosted.org/packages/33/48/19c2cbe7403870fbe8b7737d19eb013f46299cdfe4501573367f6396c775/pillow-11.1.0-cp313-cp313-win32.whl", hash = "sha256:f86d3a7a9af5d826744fabf4afd15b9dfef44fe69a98541f666f66fbb8d3fef9", size = 2291657 },
    { url = "https://files.pythonhosted.org/packages/3b/ad/285c556747d34c399f332ba7c1a595ba245796ef3e22eae190f5364bb62b/pillow-11.1.0-cp313-cp313-win_amd64.whl", hash = "sha256:593c5fd6be85da83656b93ffcccc2312d2d149d251e98588b14fbc288fd8909c", size = 2626304 },
    { url = "https://files.pythonhosted.org/packages/e5/7b/ef35a71163bf36db06e9c8729608f78dedf032fc8313d19bd4be5c2588f3/pillow-11.1.0-cp313-cp313-win_arm64.whl", hash = "sha256:11633d58b6ee5733bde153a8dafd25e505ea3d32e261accd388827ee987baf65", size = 2375117 },
    { url = "https://files.pythonhosted.org/packages/79/30/77f54228401e84d6791354888549b45824ab0ffde659bafa67956303a09f/pillow-11.1.0-cp313-cp313t-macosx_10_13_x86_64.whl", hash = "sha256:70ca5ef3b3b1c4a0812b5c63c57c23b63e53bc38e758b37a951e5bc466449861", size = 3230060 },
    { url = "https://files.pythonhosted.org/packages/ce/b1/56723b74b07dd64c1010fee011951ea9c35a43d8020acd03111f14298225/pillow-11.1.0-cp313-cp313t-macosx_11_0_arm64.whl", hash = "sha256:8000376f139d4d38d6851eb149b321a52bb8893a88dae8ee7d95840431977081", size = 3106192 },
    { url = "https://files.pythonhosted.org/packages/e1/cd/7bf7180e08f80a4dcc6b4c3a0aa9e0b0ae57168562726a05dc8aa8fa66b0/pillow-11.1.0-cp313-cp313t-manylinux_2_17_x86_64.manylinux2014_x86_64.whl", hash = "sha256:9ee85f0696a17dd28fbcfceb59f9510aa71934b483d1f5601d1030c3c8304f3c", size = 4446805 },
    { url = "https://files.pythonhosted.org/packages/97/42/87c856ea30c8ed97e8efbe672b58c8304dee0573f8c7cab62ae9e31db6ae/pillow-11.1.0-cp313-cp313t-manylinux_2_28_x86_64.whl", hash = "sha256:dd0e081319328928531df7a0e63621caf67652c8464303fd102141b785ef9547", size = 4530623 },
    { url = "https://files.pythonhosted.org/packages/ff/41/026879e90c84a88e33fb00cc6bd915ac2743c67e87a18f80270dfe3c2041/pillow-11.1.0-cp313-cp313t-musllinux_1_2_x86_64.whl", hash = "sha256:e63e4e5081de46517099dc30abe418122f54531a6ae2ebc8680bcd7096860eab", size = 4465191 },
    { url = "https://files.pythonhosted.org/packages/e5/fb/a7960e838bc5df57a2ce23183bfd2290d97c33028b96bde332a9057834d3/pillow-11.1.0-cp313-cp313t-win32.whl", hash = "sha256:dda60aa465b861324e65a78c9f5cf0f4bc713e4309f83bc387be158b077963d9", size = 2295494 },
    { url = "https://files.pythonhosted.org/packages/d7/6c/6ec83ee2f6f0fda8d4cf89045c6be4b0373ebfc363ba8538f8c999f63fcd/pillow-11.1.0-cp313-cp313t-win_amd64.whl", hash = "sha256:ad5db5781c774ab9a9b2c4302bbf0c1014960a0a7be63278d13ae6fdf88126fe", size = 2631595 },
    { url = "https://files.pythonhosted.org/packages/cf/6c/41c21c6c8af92b9fea313aa47c75de49e2f9a467964ee33eb0135d47eb64/pillow-11.1.0-cp313-cp313t-win_arm64.whl", hash = "sha256:67cd427c68926108778a9005f2a04adbd5e67c442ed21d95389fe1d595458756", size = 2377651 },
]

[[package]]
name = "ply"
version = "3.11"
source = { registry = "https://pypi.org/simple" }
sdist = { url = "https://files.pythonhosted.org/packages/e5/69/882ee5c9d017149285cab114ebeab373308ef0f874fcdac9beb90e0ac4da/ply-3.11.tar.gz", hash = "sha256:00c7c1aaa88358b9c765b6d3000c6eec0ba42abca5351b095321aef446081da3", size = 159130 }
wheels = [
    { url = "https://files.pythonhosted.org/packages/a3/58/35da89ee790598a0700ea49b2a66594140f44dec458c07e8e3d4979137fc/ply-3.11-py2.py3-none-any.whl", hash = "sha256:096f9b8350b65ebd2fd1346b12452efe5b9607f7482813ffca50c22722a807ce", size = 49567 },
]

[[package]]
name = "pycparser"
version = "2.22"
source = { registry = "https://pypi.org/simple" }
sdist = { url = "https://files.pythonhosted.org/packages/1d/b2/31537cf4b1ca988837256c910a668b553fceb8f069bedc4b1c826024b52c/pycparser-2.22.tar.gz", hash = "sha256:491c8be9c040f5390f5bf44a5b07752bd07f56edf992381b05c701439eec10f6", size = 172736 }
wheels = [
    { url = "https://files.pythonhosted.org/packages/13/a3/a812df4e2dd5696d1f351d58b8fe16a405b234ad2886a0dab9183fb78109/pycparser-2.22-py3-none-any.whl", hash = "sha256:c3702b6d3dd8c7abc1afa565d7e63d53a1d0bd86cdc24edd75470f4de499cfcc", size = 117552 },
]

[[package]]
name = "ruff"
version = "0.11.3"
source = { registry = "https://pypi.org/simple" }
sdist = { url = "https://files.pythonhosted.org/packages/98/93/f51326459536f64876c932ed26c54fad11775dfda9a690966a8a8a3388d2/ruff-0.11.3.tar.gz", hash = "sha256:8d5fcdb3bb359adc12b757ed832ee743993e7474b9de714bb9ea13c4a8458bf9", size = 3902954 }
wheels = [
    { url = "https://files.pythonhosted.org/packages/55/54/34341a6363405eea37d05d0062d3f4bff4b268b08e8f4f36fb6f4593b653/ruff-0.11.3-py3-none-linux_armv6l.whl", hash = "sha256:cb893a5eedff45071d52565300a20cd4ac088869e156b25e0971cb98c06f5dd7", size = 10097109 },
    { url = "https://files.pythonhosted.org/packages/ee/33/636511dcacae6710660aa1d746c98f1b63d969b5b04fb4dcaf9a3b068a3f/ruff-0.11.3-py3-none-macosx_10_12_x86_64.whl", hash = "sha256:58edd48af0e201e2f494789de80f5b2f2b46c9a2991a12ea031254865d5f6aa3", size = 10896580 },
    { url = "https://files.pythonhosted.org/packages/1c/d0/b196c659fa4c9bea394833fcf1e9ff92a941d59474374e3cbda0ba548d2b/ruff-0.11.3-py3-none-macosx_11_0_arm64.whl", hash = "sha256:520f6ade25cea98b2e5cb29eb0906f6a0339c6b8e28a024583b867f48295f1ed", size = 10235125 },
    { url = "https://files.pythonhosted.org/packages/31/27/8010ce0b5dae8ad994635c2b112df76f10e9747802ac417a68a06349971f/ruff-0.11.3-py3-none-manylinux_2_17_aarch64.manylinux2014_aarch64.whl", hash = "sha256:d1ca4405a93ebbc05e924358f872efceb1498c3d52a989ddf9476712a5480b16", size = 10398941 },
    { url = "https://files.pythonhosted.org/packages/ed/82/0e6eba1371cc221d5a7255a144dc5ab05f13d2aba46224f38b6628781647/ruff-0.11.3-py3-none-manylinux_2_17_armv7l.manylinux2014_armv7l.whl", hash = "sha256:f4341d38775a6be605ce7cd50e951b89de65cbd40acb0399f95b8e1524d604c8", size = 9946629 },
    { url = "https://files.pythonhosted.org/packages/4c/9d/8c03b84476187d48eae3ba5f3b7d550da9b5947ab967d47f832e6141c1b2/ruff-0.11.3-py3-none-manylinux_2_17_i686.manylinux2014_i686.whl", hash = "sha256:72bf5b49e4b546f4bea6c05448ab71919b09cf75363adf5e3bf5276124afd31c", size = 11551896 },
    { url = "https://files.pythonhosted.org/packages/a8/63/cf7915adf71d72ccc95b24f9ea3637311f8efe8221a24400d823607e998a/ruff-0.11.3-py3-none-manylinux_2_17_ppc64.manylinux2014_ppc64.whl", hash = "sha256:9fa791ee6c3629ba7f9ba2c8f2e76178b03f3eaefb920e426302115259819237", size = 12210030 },
    { url = "https://files.pythonhosted.org/packages/9c/b3/2bbfd8aee10de3eed807c9c3d5b48f927efbdada8c0e87a20073f1eb2537/ruff-0.11.3-py3-none-manylinux_2_17_ppc64le.manylinux2014_ppc64le.whl", hash = "sha256:2c81d3fe718f4d303aaa4ccdcd0f43e23bb2127da3353635f718394ca9b26721", size = 11643431 },
    { url = "https://files.pythonhosted.org/packages/5b/00/0343bec91e505be5f6ac1db13ffca0afe691789e1dc263a05a72b931570f/ruff-0.11.3-py3-none-manylinux_2_17_s390x.manylinux2014_s390x.whl", hash = "sha256:4e4c38e9b6c01caaba46b6d8e732791f4c78389a9923319991d55b298017ce02", size = 13834449 },
    { url = "https://files.pythonhosted.org/packages/d4/d1/95ef70afe169400d1878e69ed4fa8b8361e3c5d0a25d2d3d5c25e6347590/ruff-0.11.3-py3-none-manylinux_2_17_x86_64.manylinux2014_x86_64.whl", hash = "sha256:9686f5d1a2b4c918b5a6e9876bfe7f47498a990076624d41f57d17aadd02a4dd", size = 11356995 },
    { url = "https://files.pythonhosted.org/packages/92/fa/a1d68e12c9a2cb25bf8eef099381ca42ea3c8ed589fc4f04004466f4d19f/ruff-0.11.3-py3-none-musllinux_1_2_aarch64.whl", hash = "sha256:4800ddc4764d42d8961ce4cb972bcf5cc2730d11cca3f11f240d9f7360460408", size = 10287108 },
    { url = "https://files.pythonhosted.org/packages/3c/31/711a3f2c0972f44e3770951a19a1b6ea551b9b7c08f257518c35a46666bd/ruff-0.11.3-py3-none-musllinux_1_2_armv7l.whl", hash = "sha256:e63a2808879361aa9597d88d86380d8fb934953ef91f5ff3dafe18d9cb0b1e14", size = 9933317 },
    { url = "https://files.pythonhosted.org/packages/c4/ee/8c8dd6ec903f29a4bd1bd4510d1c9ba1a955cd792601ac3822764c7397d8/ruff-0.11.3-py3-none-musllinux_1_2_i686.whl", hash = "sha256:8f8b1c4ae62638cc220df440140c21469232d8f2cb7f5059f395f7f48dcdb59e", size = 10966227 },
    { url = "https://files.pythonhosted.org/packages/f5/7c/ba479eb45803165dd3dc8accf32c7d52769f9011df958f983f2bcd40566f/ruff-0.11.3-py3-none-musllinux_1_2_x86_64.whl", hash = "sha256:3ea2026be50f6b1fbedd2d1757d004e1e58bd0f414efa2a6fa01235468d4c82a", size = 11412919 },
    { url = "https://files.pythonhosted.org/packages/51/a2/6878e74efef39cb0996342c48918aff9a9f5632d8d40c307610688d382ae/ruff-0.11.3-py3-none-win32.whl", hash = "sha256:73d8b90d12674a0c6e98cd9e235f2dcad09d1a80e559a585eac994bb536917a3", size = 10306265 },
    { url = "https://files.pythonhosted.org/packages/95/95/30646e735a201266ec93504a8640190e4a47a9efb10990cb095bf1111c3a/ruff-0.11.3-py3-none-win_amd64.whl", hash = "sha256:faf1bfb0a51fb3a82aa1112cb03658796acef978e37c7f807d3ecc50b52ecbf6", size = 11403990 },
    { url = "https://files.pythonhosted.org/packages/cd/2e/d04d606d0b13c2c8188111a4ff9a99811c40fe170e1523e20f13cf85235e/ruff-0.11.3-py3-none-win_arm64.whl", hash = "sha256:67f8b68d7ab909f08af1fb601696925a89d65083ae2bb3ab286e572b5dc456aa", size = 10525855 },
]

[[package]]
name = "setuptools"
version = "78.1.0"
source = { registry = "https://pypi.org/simple" }
sdist = { url = "https://files.pythonhosted.org/packages/a9/5a/0db4da3bc908df06e5efae42b44e75c81dd52716e10192ff36d0c1c8e379/setuptools-78.1.0.tar.gz", hash = "sha256:18fd474d4a82a5f83dac888df697af65afa82dec7323d09c3e37d1f14288da54", size = 1367827 }
wheels = [
    { url = "https://files.pythonhosted.org/packages/54/21/f43f0a1fa8b06b32812e0975981f4677d28e0f3271601dc88ac5a5b83220/setuptools-78.1.0-py3-none-any.whl", hash = "sha256:3e386e96793c8702ae83d17b853fb93d3e09ef82ec62722e61da5cd22376dcd8", size = 1256108 },
]

[[package]]
name = "six"
version = "1.17.0"
source = { registry = "https://pypi.org/simple" }
sdist = { url = "https://files.pythonhosted.org/packages/94/e7/b2c673351809dca68a0e064b6af791aa332cf192da575fd474ed7d6f16a2/six-1.17.0.tar.gz", hash = "sha256:ff70335d468e7eb6ec65b95b99d3a2836546063f63acc5171de367e834932a81", size = 34031 }
wheels = [
    { url = "https://files.pythonhosted.org/packages/b7/ce/149a00dd41f10bc29e5921b496af8b574d8413afcd5e30dfa0ed46c2cc5e/six-1.17.0-py2.py3-none-any.whl", hash = "sha256:4721f391ed90541fddacab5acf947aa0d3dc7d27b2e1e8eda2be8970586c3274", size = 11050 },
]

[[package]]
name = "toml"
version = "0.10.2"
source = { registry = "https://pypi.org/simple" }
sdist = { url = "https://files.pythonhosted.org/packages/be/ba/1f744cdc819428fc6b5084ec34d9b30660f6f9daaf70eead706e3203ec3c/toml-0.10.2.tar.gz", hash = "sha256:b3bda1d108d5dd99f4a20d24d9c348e91c4db7ab1b749200bded2f839ccbe68f", size = 22253 }
wheels = [
    { url = "https://files.pythonhosted.org/packages/44/6f/7120676b6d73228c96e17f1f794d8ab046fc910d781c8d151120c3f1569e/toml-0.10.2-py2.py3-none-any.whl", hash = "sha256:806143ae5bfb6a3c6e736a764057db0e6a0e05e338b5630894a5f779cabb4f9b", size = 16588 },
]

[[package]]
name = "zopfli"
version = "0.2.3.post1"
source = { registry = "https://pypi.org/simple" }
sdist = { url = "https://files.pythonhosted.org/packages/5e/7c/a8f6696e694709e2abcbccd27d05ef761e9b6efae217e11d977471555b62/zopfli-0.2.3.post1.tar.gz", hash = "sha256:96484dc0f48be1c5d7ae9f38ed1ce41e3675fd506b27c11a6607f14b49101e99", size = 175629 }
wheels = [
    { url = "https://files.pythonhosted.org/packages/2b/24/0e552e2efce9a20625b56e9609d1e33c2966be33fc008681121ec267daec/zopfli-0.2.3.post1-cp313-cp313-macosx_10_13_universal2.whl", hash = "sha256:ecb7572df5372abce8073df078207d9d1749f20b8b136089916a4a0868d56051", size = 295485 },
    { url = "https://files.pythonhosted.org/packages/08/83/b2564369fb98797a617fe2796097b1d719a4937234375757ad2a3febc04b/zopfli-0.2.3.post1-cp313-cp313-macosx_10_13_x86_64.whl", hash = "sha256:a1cf720896d2ce998bc8e051d4b4ce0d8bec007aab6243102e8e1d22a0b2fb3f", size = 163000 },
    { url = "https://files.pythonhosted.org/packages/3c/55/81d419739c2aab35e19b58bce5498dcb58e6446e5eb69f2d3c748b1c9151/zopfli-0.2.3.post1-cp313-cp313-manylinux_2_12_i686.manylinux2010_i686.manylinux_2_17_i686.manylinux2014_i686.whl", hash = "sha256:5aad740b4d4fcbaaae4887823925166ffd062db3b248b3f432198fc287381d1a", size = 823699 },
    { url = "https://files.pythonhosted.org/packages/9e/91/89f07c8ea3c9bc64099b3461627b07a8384302235ee0f357eaa86f98f509/zopfli-0.2.3.post1-cp313-cp313-manylinux_2_17_aarch64.manylinux2014_aarch64.whl", hash = "sha256:6617fb10f9e4393b331941861d73afb119cd847e88e4974bdbe8068ceef3f73f", size = 826612 },
    { url = "https://files.pythonhosted.org/packages/41/31/46670fc0c7805d42bc89702440fa9b73491d68abbc39e28d687180755178/zopfli-0.2.3.post1-cp313-cp313-manylinux_2_17_x86_64.manylinux2014_x86_64.whl", hash = "sha256:a53b18797cdef27e019db595d66c4b077325afe2fd62145953275f53d84ce40c", size = 851148 },
    { url = "https://files.pythonhosted.org/packages/22/00/71ad39277bbb88f9fd20fb786bd3ff2ea4025c53b31652a0da796fb546cd/zopfli-0.2.3.post1-cp313-cp313-musllinux_1_2_aarch64.whl", hash = "sha256:b78008a69300d929ca2efeffec951b64a312e9a811e265ea4a907ab546d79fa6", size = 1754215 },
    { url = "https://files.pythonhosted.org/packages/d0/4e/e542c508d20c3dfbef1b90fcf726f824f505e725747f777b0b7b7d1deb95/zopfli-0.2.3.post1-cp313-cp313-musllinux_1_2_i686.whl", hash = "sha256:0aa5f90d6298bda02a95bc8dc8c3c19004d5a4e44bda00b67ca7431d857b4b54", size = 1905988 },
    { url = "https://files.pythonhosted.org/packages/ba/a5/817ac1ecc888723e91dc172e8c6eeab9f48a1e52285803b965084e11bbd5/zopfli-0.2.3.post1-cp313-cp313-musllinux_1_2_x86_64.whl", hash = "sha256:2768c877f76c8a0e7519b1c86c93757f3c01492ddde55751e9988afb7eff64e1", size = 1835907 },
    { url = "https://files.pythonhosted.org/packages/cd/35/2525f90c972d8aafc39784a8c00244eeee8e8221b26cbc576748ee9dc1cd/zopfli-0.2.3.post1-cp313-cp313-win32.whl", hash = "sha256:71390dbd3fbf6ebea9a5d85ffed8c26ee1453ee09248e9b88486e30e0397b775", size = 82742 },
    { url = "https://files.pythonhosted.org/packages/2f/c6/49b27570923956d52d37363e8f5df3a31a61bd7719bb8718527a9df3ae5f/zopfli-0.2.3.post1-cp313-cp313-win_amd64.whl", hash = "sha256:a86eb88e06bd87e1fff31dac878965c26b0c26db59ddcf78bb0379a954b120de", size = 99408 },
]
